
Microsoft Visual Studio Solution File, Format Version 11.00
# Visual Studio 2010
Project("{FAE04EC0-301F-11D3-BF4B-00C04F79EFBC}") = "FileOrganiser", "FileOrganiser\FileOrganiser.csproj", "{4EC33B24-D7C6-46F2-BBB1-B8C82DA6BEF5}"
EndProject
Global
	GlobalSection(SolutionConfigurationPlatforms) = preSolution
		Debug|x86 = Debug|x86
		Release|x86 = Release|x86
	EndGlobalSection
	GlobalSection(ProjectConfigurationPlatforms) = postSolution
		{4EC33B24-D7C6-46F2-BBB1-B8C82DA6BEF5}.Debug|x86.ActiveCfg = Debug|x86
		{4EC33B24-D7C6-46F2-BBB1-B8C82DA6BEF5}.Debug|x86.Build.0 = Debug|x86
		{4EC33B24-D7C6-46F2-BBB1-B8C82DA6BEF5}.Release|x86.ActiveCfg = Release|x86
		{4EC33B24-D7C6-46F2-BBB1-B8C82DA6BEF5}.Release|x86.Build.0 = Release|x86
	EndGlobalSection
	GlobalSection(SolutionProperties) = preSolution
		HideSolutionNode = FALSE
	EndGlobalSection
EndGlobal
